
Microsoft Visual Studio Solution File, Format Version 12.00
# Visual Studio Version 16
VisualStudioVersion = 16.0.29215.179
MinimumVisualStudioVersion = 10.0.40219.1
Project("{FAE04EC0-301F-11D3-BF4B-00C04F79EFBC}") = "TicTacToe", "TicTacToe\TicTacToe.csproj", "{666FF8D8-49E6-4975-ACEE-1BA4FA560CB0}"
EndProject
Global
	GlobalSection(SolutionConfigurationPlatforms) = preSolution
		Debug|Any CPU = Debug|Any CPU
		Release|Any CPU = Release|Any CPU
	EndGlobalSection
	GlobalSection(ProjectConfigurationPlatforms) = postSolution
		{666FF8D8-49E6-4975-ACEE-1BA4FA560CB0}.Debug|Any CPU.ActiveCfg = Debug|Any CPU
		{666FF8D8-49E6-4975-ACEE-1BA4FA560CB0}.Debug|Any CPU.Build.0 = Debug|Any CPU
		{666FF8D8-49E6-4975-ACEE-1BA4FA560CB0}.Release|Any CPU.ActiveCfg = Release|Any CPU
		{666FF8D8-49E6-4975-ACEE-1BA4FA560CB0}.Release|Any CPU.Build.0 = Release|Any CPU
	EndGlobalSection
	GlobalSection(SolutionProperties) = preSolution
		HideSolutionNode = FALSE
	EndGlobalSection
	GlobalSection(ExtensibilityGlobals) = postSolution
		SolutionGuid = {49F7D1B8-69DE-41D6-B6D4-A22B37962934}
	EndGlobalSection
EndGlobal
